
Microsoft Visual Studio Solution File, Format Version 12.00
# Visual Studio 2013
VisualStudioVersion = 12.0.31101.0
MinimumVisualStudioVersion = 10.0.40219.1
Project("{FAE04EC0-301F-11D3-BF4B-00C04F79EFBC}") = "Mvc5.Controls.CheckBox", "Mvc5.Controls.CheckBox\Mvc5.Controls.CheckBox.csproj", "{9A949251-BB60-4132-8DDF-F758DF96AE1B}"
EndProject
Project("{FAE04EC0-301F-11D3-BF4B-00C04F79EFBC}") = "Mvc5.Controls.Common", "Mvc5.Controls.Common\Mvc5.Controls.Common.csproj", "{A3244FEE-9CB1-42B1-9127-20DB9F662719}"
EndProject
Global
	GlobalSection(SolutionConfigurationPlatforms) = preSolution
		Debug|Any CPU = Debug|Any CPU
		Release|Any CPU = Release|Any CPU
	EndGlobalSection
	GlobalSection(ProjectConfigurationPlatforms) = postSolution
		{9A949251-BB60-4132-8DDF-F758DF96AE1B}.Debug|Any CPU.ActiveCfg = Debug|Any CPU
		{9A949251-BB60-4132-8DDF-F758DF96AE1B}.Debug|Any CPU.Build.0 = Debug|Any CPU
		{9A949251-BB60-4132-8DDF-F758DF96AE1B}.Release|Any CPU.ActiveCfg = Release|Any CPU
		{9A949251-BB60-4132-8DDF-F758DF96AE1B}.Release|Any CPU.Build.0 = Release|Any CPU
		{A3244FEE-9CB1-42B1-9127-20DB9F662719}.Debug|Any CPU.ActiveCfg = Debug|Any CPU
		{A3244FEE-9CB1-42B1-9127-20DB9F662719}.Debug|Any CPU.Build.0 = Debug|Any CPU
		{A3244FEE-9CB1-42B1-9127-20DB9F662719}.Release|Any CPU.ActiveCfg = Release|Any CPU
		{A3244FEE-9CB1-42B1-9127-20DB9F662719}.Release|Any CPU.Build.0 = Release|Any CPU
	EndGlobalSection
	GlobalSection(SolutionProperties) = preSolution
		HideSolutionNode = FALSE
	EndGlobalSection
EndGlobal
